// !$*UTF8*$!
{
	archiveVersion = 1;
	classes = {
	};
	objectVersion = 55;
	objects = {

/* Begin PBXBuildFile section */
		32904B14281FB5FE00334001 /* AppDelegate.swift in Sources */ = {isa = PBXBuildFile; fileRef = 32904B13281FB5FE00334001 /* AppDelegate.swift */; };
		32904B16281FB5FE00334001 /* SceneDelegate.swift in Sources */ = {isa = PBXBuildFile; fileRef = 32904B15281FB5FE00334001 /* SceneDelegate.swift */; };
		32904B18281FB5FE00334001 /* ViewController.swift in Sources */ = {isa = PBXBuildFile; fileRef = 32904B17281FB5FE00334001 /* ViewController.swift */; };
		32904B1B281FB5FE00334001 /* Main.storyboard in Resources */ = {isa = PBXBuildFile; fileRef = 32904B19281FB5FE00334001 /* Main.storyboard */; };
		32904B1D281FB5FF00334001 /* Assets.xcassets in Resources */ = {isa = PBXBuildFile; fileRef = 32904B1C281FB5FF00334001 /* Assets.xcassets */; };
		32904B20281FB5FF00334001 /* LaunchScreen.storyboard in Resources */ = {isa = PBXBuildFile; fileRef = 32904B1E281FB5FF00334001 /* LaunchScreen.storyboard */; };
		32904B2B281FB5FF00334001 /* AlertTests.swift in Sources */ = {isa = PBXBuildFile; fileRef = 32904B2A281FB5FF00334001 /* AlertTests.swift */; };
		32904B35281FB5FF00334001 /* AlertUITests.swift in Sources */ = {isa = PBXBuildFile; fileRef = 32904B34281FB5FF00334001 /* AlertUITests.swift */; };
		32904B37281FB5FF00334001 /* AlertUITestsLaunchTests.swift in Sources */ = {isa = PBXBuildFile; fileRef = 32904B36281FB5FF00334001 /* AlertUITestsLaunchTests.swift */; };
		32904B46281FB61D00334001 /* lamp-remove.png in Resources */ = {isa = PBXBuildFile; fileRef = 32904B43281FB61D00334001 /* lamp-remove.png */; };
		32904B47281FB61D00334001 /* lamp-off.png in Resources */ = {isa = PBXBuildFile; fileRef = 32904B44281FB61D00334001 /* lamp-off.png */; };
		32904B48281FB61D00334001 /* lamp-on.png in Resources */ = {isa = PBXBuildFile; fileRef = 32904B45281FB61D00334001 /* lamp-on.png */; };
/* End PBXBuildFile section */

/* Begin PBXContainerItemProxy section */
		32904B27281FB5FF00334001 /* PBXContainerItemProxy */ = {
			isa = PBXContainerItemProxy;
			containerPortal = 32904B08281FB5FE00334001 /* Project object */;
			proxyType = 1;
			remoteGlobalIDString = 32904B0F281FB5FE00334001;
			remoteInfo = Alert;
		};
		32904B31281FB5FF00334001 /* PBXContainerItemProxy */ = {
			isa = PBXContainerItemProxy;
			containerPortal = 32904B08281FB5FE00334001 /* Project object */;
			proxyType = 1;
			remoteGlobalIDString = 32904B0F281FB5FE00334001;
			remoteInfo = Alert;
		};
/* End PBXContainerItemProxy section */

/* Begin PBXFileReference section */
		32904B10281FB5FE00334001 /* Alert.app */ = {isa = PBXFileReference; explicitFileType = wrapper.application; includeInIndex = 0; path = Alert.app; sourceTree = BUILT_PRODUCTS_DIR; };
		32904B13281FB5FE00334001 /* AppDelegate.swift */ = {isa = PBXFileReference; lastKnownFileType = sourcecode.swift; path = AppDelegate.swift; sourceTree = "<group>"; };
		32904B15281FB5FE00334001 /* SceneDelegate.swift */ = {isa = PBXFileReference; lastKnownFileType = sourcecode.swift; path = SceneDelegate.swift; sourceTree = "<group>"; };
		32904B17281FB5FE00334001 /* ViewController.swift */ = {isa = PBXFileReference; lastKnownFileType = sourcecode.swift; path = ViewController.swift; sourceTree = "<group>"; };
		32904B1A281FB5FE00334001 /* Base */ = {isa = PBXFileReference; lastKnownFileType = file.storyboard; name = Base; path = Base.lproj/Main.storyboard; sourceTree = "<group>"; };
		32904B1C281FB5FF00334001 /* Assets.xcassets */ = {isa = PBXFileReference; lastKnownFileType = folder.assetcatalog; path = Assets.xcassets; sourceTree = "<group>"; };
		32904B1F281FB5FF00334001 /* Base */ = {isa = PBXFileReference; lastKnownFileType = file.storyboard; name = Base; path = Base.lproj/LaunchScreen.storyboard; sourceTree = "<group>"; };
		32904B21281FB5FF00334001 /* Info.plist */ = {isa = PBXFileReference; lastKnownFileType = text.plist.xml; path = Info.plist; sourceTree = "<group>"; };
		32904B26281FB5FF00334001 /* AlertTests.xctest */ = {isa = PBXFileReference; explicitFileType = wrapper.cfbundle; includeInIndex = 0; path = AlertTests.xctest; sourceTree = BUILT_PRODUCTS_DIR; };
		32904B2A281FB5FF00334001 /* AlertTests.swift */ = {isa = PBXFileReference; lastKnownFileType = sourcecode.swift; path = AlertTests.swift; sourceTree = "<group>"; };
		32904B30281FB5FF00334001 /* AlertUITests.xctest */ = {isa = PBXFileReference; explicitFileType = wrapper.cfbundle; includeInIndex = 0; path = AlertUITests.xctest; sourceTree = BUILT_PRODUCTS_DIR; };
		32904B34281FB5FF00334001 /* AlertUITests.swift */ = {isa = PBXFileReference; lastKnownFileType = sourcecode.swift; path = AlertUITests.swift; sourceTree = "<group>"; };
		32904B36281FB5FF00334001 /* AlertUITestsLaunchTests.swift */ = {isa = PBXFileReference; lastKnownFileType = sourcecode.swift; path = AlertUITestsLaunchTests.swift; sourceTree = "<group>"; };
		32904B43281FB61D00334001 /* lamp-remove.png */ = {isa = PBXFileReference; lastKnownFileType = image.png; path = "lamp-remove.png"; sourceTree = "<group>"; };
		32904B44281FB61D00334001 /* lamp-off.png */ = {isa = PBXFileReference; lastKnownFileType = image.png; path = "lamp-off.png"; sourceTree = "<group>"; };
		32904B45281FB61D00334001 /* lamp-on.png */ = {isa = PBXFileReference; lastKnownFileType = image.png; path = "lamp-on.png"; sourceTree = "<group>"; };
/* End PBXFileReference section */

/* Begin PBXFrameworksBuildPhase section */
		32904B0D281FB5FE00334001 /* Frameworks */ = {
			isa = PBXFrameworksBuildPhase;
			buildActionMask = 2147483647;
			files = (
			);
			runOnlyForDeploymentPostprocessing = 0;
		};
		32904B23281FB5FF00334001 /* Frameworks */ = {
			isa = PBXFrameworksBuildPhase;
			buildActionMask = 2147483647;
			files = (
			);
			runOnlyForDeploymentPostprocessing = 0;
		};
		32904B2D281FB5FF00334001 /* Frameworks */ = {
			isa = PBXFrameworksBuildPhase;
			buildActionMask = 2147483647;
			files = (
			);
			runOnlyForDeploymentPostprocessing = 0;
		};
/* End PBXFrameworksBuildPhase section */

/* Begin PBXGroup section */
		32904B07281FB5FE00334001 = {
			isa = PBXGroup;
			children = (
				32904B12281FB5FE00334001 /* Alert */,
				32904B29281FB5FF00334001 /* AlertTests */,
				32904B33281FB5FF00334001 /* AlertUITests */,
				32904B11281FB5FE00334001 /* Products */,
			);
			sourceTree = "<group>";
		};
		32904B11281FB5FE00334001 /* Products */ = {
			isa = PBXGroup;
			children = (
				32904B10281FB5FE00334001 /* Alert.app */,
				32904B26281FB5FF00334001 /* AlertTests.xctest */,
				32904B30281FB5FF00334001 /* AlertUITests.xctest */,
			);
			name = Products;
			sourceTree = "<group>";
		};
		32904B12281FB5FE00334001 /* Alert */ = {
			isa = PBXGroup;
			children = (
				32904B44281FB61D00334001 /* lamp-off.png */,
				32904B45281FB61D00334001 /* lamp-on.png */,
				32904B43281FB61D00334001 /* lamp-remove.png */,
				32904B13281FB5FE00334001 /* AppDelegate.swift */,
				32904B15281FB5FE00334001 /* SceneDelegate.swift */,
				32904B17281FB5FE00334001 /* ViewController.swift */,
				32904B19281FB5FE00334001 /* Main.storyboard */,
				32904B1C281FB5FF00334001 /* Assets.xcassets */,
				32904B1E281FB5FF00334001 /* LaunchScreen.storyboard */,
				32904B21281FB5FF00334001 /* Info.plist */,
			);
			path = Alert;
			sourceTree = "<group>";
		};
		32904B29281FB5FF00334001 /* AlertTests */ = {
			isa = PBXGroup;
			children = (
				32904B2A281FB5FF00334001 /* AlertTests.swift */,
			);
			path = AlertTests;
			sourceTree = "<group>";
		};
		32904B33281FB5FF00334001 /* AlertUITests */ = {
			isa = PBXGroup;
			children = (
				32904B34281FB5FF00334001 /* AlertUITests.swift */,
				32904B36281FB5FF00334001 /* AlertUITestsLaunchTests.swift */,
			);
			path = AlertUITests;
			sourceTree = "<group>";
		};
/* End PBXGroup section */

/* Begin PBXNativeTarget section */
		32904B0F281FB5FE00334001 /* Alert */ = {
			isa = PBXNativeTarget;
			buildConfigurationList = 32904B3A281FB5FF00334001 /* Build configuration list for PBXNativeTarget "Alert" */;
			buildPhases = (
				32904B0C281FB5FE00334001 /* Sources */,
				32904B0D281FB5FE00334001 /* Frameworks */,
				32904B0E281FB5FE00334001 /* Resources */,
			);
			buildRules = (
			);
			dependencies = (
			);
			name = Alert;
			productName = Alert;
			productReference = 32904B10281FB5FE00334001 /* Alert.app */;
			productType = "com.apple.product-type.application";
		};
		32904B25281FB5FF00334001 /* AlertTests */ = {
			isa = PBXNativeTarget;
			buildConfigurationList = 32904B3D281FB5FF00334001 /* Build configuration list for PBXNativeTarget "AlertTests" */;
			buildPhases = (
				32904B22281FB5FF00334001 /* Sources */,
				32904B23281FB5FF00334001 /* Frameworks */,
				32904B24281FB5FF00334001 /* Resources */,
			);
			buildRules = (
			);
			dependencies = (
				32904B28281FB5FF00334001 /* PBXTargetDependency */,
			);
			name = AlertTests;
			productName = AlertTests;
			productReference = 32904B26281FB5FF00334001 /* AlertTests.xctest */;
			productType = "com.apple.product-type.bundle.unit-test";
		};
		32904B2F281FB5FF00334001 /* AlertUITests */ = {
			isa = PBXNativeTarget;
			buildConfigurationList = 32904B40281FB5FF00334001 /* Build configuration list for PBXNativeTarget "AlertUITests" */;
			buildPhases = (
				32904B2C281FB5FF00334001 /* Sources */,
				32904B2D281FB5FF00334001 /* Frameworks */,
				32904B2E281FB5FF00334001 /* Resources */,
			);
			buildRules = (
			);
			dependencies = (
				32904B32281FB5FF00334001 /* PBXTargetDependency */,
			);
			name = AlertUITests;
			productName = AlertUITests;
			productReference = 32904B30281FB5FF00334001 /* AlertUITests.xctest */;
			productType = "com.apple.product-type.bundle.ui-testing";
		};
/* End PBXNativeTarget section */

/* Begin PBXProject section */
		32904B08281FB5FE00334001 /* Project object */ = {
			isa = PBXProject;
			attributes = {
				BuildIndependentTargetsInParallel = 1;
				LastSwiftUpdateCheck = 1330;
				LastUpgradeCheck = 1330;
				TargetAttributes = {
					32904B0F281FB5FE00334001 = {
						CreatedOnToolsVersion = 13.3.1;
					};
					32904B25281FB5FF00334001 = {
						CreatedOnToolsVersion = 13.3.1;
						TestTargetID = 32904B0F281FB5FE00334001;
					};
					32904B2F281FB5FF00334001 = {
						CreatedOnToolsVersion = 13.3.1;
						TestTargetID = 32904B0F281FB5FE00334001;
					};
				};
			};
			buildConfigurationList = 32904B0B281FB5FE00334001 /* Build configuration list for PBXProject "Alert" */;
			compatibilityVersion = "Xcode 13.0";
			developmentRegion = en;
			hasScannedForEncodings = 0;
			knownRegions = (
				en,
				Base,
			);
			mainGroup = 32904B07281FB5FE00334001;
			productRefGroup = 32904B11281FB5FE00334001 /* Products */;
			projectDirPath = "";
			projectRoot = "";
			targets = (
				32904B0F281FB5FE00334001 /* Alert */,
				32904B25281FB5FF00334001 /* AlertTests */,
				32904B2F281FB5FF00334001 /* AlertUITests */,
			);
		};
/* End PBXProject section */

/* Begin PBXResourcesBuildPhase section */
		32904B0E281FB5FE00334001 /* Resources */ = {
			isa = PBXResourcesBuildPhase;
			buildActionMask = 2147483647;
			files = (
				32904B47281FB61D00334001 /* lamp-off.png in Resources */,
				32904B20281FB5FF00334001 /* LaunchScreen.storyboard in Resources */,
				32904B1D281FB5FF00334001 /* Assets.xcassets in Resources */,
				32904B1B281FB5FE00334001 /* Main.storyboard in Resources */,
				32904B48281FB61D00334001 /* lamp-on.png in Resources */,
				32904B46281FB61D00334001 /* lamp-remove.png in Resources */,
			);
			runOnlyForDeploymentPostprocessing = 0;
		};
		32904B24281FB5FF00334001 /* Resources */ = {
			isa = PBXResourcesBuildPhase;
			buildActionMask = 2147483647;
			files = (
			);
			runOnlyForDeploymentPostprocessing = 0;
		};
		32904B2E281FB5FF00334001 /* Resources */ = {
			isa = PBXResourcesBuildPhase;
			buildActionMask = 2147483647;
			files = (
			);
			runOnlyForDeploymentPostprocessing = 0;
		};
/* End PBXResourcesBuildPhase section */

/* Begin PBXSourcesBuildPhase section */
		32904B0C281FB5FE00334001 /* Sources */ = {
			isa = PBXSourcesBuildPhase;
			buildActionMask = 2147483647;
			files = (
				32904B18281FB5FE00334001 /* ViewController.swift in Sources */,
				32904B14281FB5FE00334001 /* AppDelegate.swift in Sources */,
				32904B16281FB5FE00334001 /* SceneDelegate.swift in Sources */,
			);
			runOnlyForDeploymentPostprocessing = 0;
		};
		32904B22281FB5FF00334001 /* Sources */ = {
			isa = PBXSourcesBuildPhase;
			buildActionMask = 2147483647;
			files = (
				32904B2B281FB5FF00334001 /* AlertTests.swift in Sources */,
			);
			runOnlyForDeploymentPostprocessing = 0;
		};
		32904B2C281FB5FF00334001 /* Sources */ = {
			isa = PBXSourcesBuildPhase;
			buildActionMask = 2147483647;
			files = (
				32904B35281FB5FF00334001 /* AlertUITests.swift in Sources */,
				32904B37281FB5FF00334001 /* AlertUITestsLaunchTests.swift in Sources */,
			);
			runOnlyForDeploymentPostprocessing = 0;
		};
/* End PBXSourcesBuildPhase section */

/* Begin PBXTargetDependency section */
		32904B28281FB5FF00334001 /* PBXTargetDependency */ = {
			isa = PBXTargetDependency;
			target = 32904B0F281FB5FE00334001 /* Alert */;
			targetProxy = 32904B27281FB5FF00334001 /* PBXContainerItemProxy */;
		};
		32904B32281FB5FF00334001 /* PBXTargetDependency */ = {
			isa = PBXTargetDependency;
			target = 32904B0F281FB5FE00334001 /* Alert */;
			targetProxy = 32904B31281FB5FF00334001 /* PBXContainerItemProxy */;
		};
/* End PBXTargetDependency section */

/* Begin PBXVariantGroup section */
		32904B19281FB5FE00334001 /* Main.storyboard */ = {
			isa = PBXVariantGroup;
			children = (
				32904B1A281FB5FE00334001 /* Base */,
			);
			name = Main.storyboard;
			sourceTree = "<group>";
		};
		32904B1E281FB5FF00334001 /* LaunchScreen.storyboard */ = {
			isa = PBXVariantGroup;
			children = (
				32904B1F281FB5FF00334001 /* Base */,
			);
			name = LaunchScreen.storyboard;
			sourceTree = "<group>";
		};
/* End PBXVariantGroup section */

/* Begin XCBuildConfiguration section */
		32904B38281FB5FF00334001 /* Debug */ = {
			isa = XCBuildConfiguration;
			buildSettings = {
				ALWAYS_SEARCH_USER_PATHS = NO;
				CLANG_ANALYZER_NONNULL = YES;
				CLANG_ANALYZER_NUMBER_OBJECT_CONVERSION = YES_AGGRESSIVE;
				CLANG_CXX_LANGUAGE_STANDARD = "gnu++17";
				CLANG_ENABLE_MODULES = YES;
				CLANG_ENABLE_OBJC_ARC = YES;
				CLANG_ENABLE_OBJC_WEAK = YES;
				CLANG_WARN_BLOCK_CAPTURE_AUTORELEASING = YES;
				CLANG_WARN_BOOL_CONVERSION = YES;
				CLANG_WARN_COMMA = YES;
				CLANG_WARN_CONSTANT_CONVERSION = YES;
				CLANG_WARN_DEPRECATED_OBJC_IMPLEMENTATIONS = YES;
				CLANG_WARN_DIRECT_OBJC_ISA_USAGE = YES_ERROR;
				CLANG_WARN_DOCUMENTATION_COMMENTS = YES;
				CLANG_WARN_EMPTY_BODY = YES;
				CLANG_WARN_ENUM_CONVERSION = YES;
				CLANG_WARN_INFINITE_RECURSION = YES;
				CLANG_WARN_INT_CONVERSION = YES;
				CLANG_WARN_NON_LITERAL_NULL_CONVERSION = YES;
				CLANG_WARN_OBJC_IMPLICIT_RETAIN_SELF = YES;
				CLANG_WARN_OBJC_LITERAL_CONVERSION = YES;
				CLANG_WARN_OBJC_ROOT_CLASS = YES_ERROR;
				CLANG_WARN_QUOTED_INCLUDE_IN_FRAMEWORK_HEADER = YES;
				CLANG_WARN_RANGE_LOOP_ANALYSIS = YES;
				CLANG_WARN_STRICT_PROTOTYPES = YES;
				CLANG_WARN_SUSPICIOUS_MOVE = YES;
				CLANG_WARN_UNGUARDED_AVAILABILITY = YES_AGGRESSIVE;
				CLANG_WARN_UNREACHABLE_CODE = YES;
				CLANG_WARN__DUPLICATE_METHOD_MATCH = YES;
				COPY_PHASE_STRIP = NO;
				DEBUG_INFORMATION_FORMAT = dwarf;
				ENABLE_STRICT_OBJC_MSGSEND = YES;
				ENABLE_TESTABILITY = YES;
				GCC_C_LANGUAGE_STANDARD = gnu11;
				GCC_DYNAMIC_NO_PIC = NO;
				GCC_NO_COMMON_BLOCKS = YES;
				GCC_OPTIMIZATION_LEVEL = 0;
				GCC_PREPROCESSOR_DEFINITIONS = (
					"DEBUG=1",
					"$(inherited)",
				);
				GCC_WARN_64_TO_32_BIT_CONVERSION = YES;
				GCC_WARN_ABOUT_RETURN_TYPE = YES_ERROR;
				GCC_WARN_UNDECLARED_SELECTOR = YES;
				GCC_WARN_UNINITIALIZED_AUTOS = YES_AGGRESSIVE;
				GCC_WARN_UNUSED_FUNCTION = YES;
				GCC_WARN_UNUSED_VARIABLE = YES;
				IPHONEOS_DEPLOYMENT_TARGET = 15.4;
				MTL_ENABLE_DEBUG_INFO = INCLUDE_SOURCE;
				MTL_FAST_MATH = YES;
				ONLY_ACTIVE_ARCH = YES;
				SDKROOT = iphoneos;
				SWIFT_ACTIVE_COMPILATION_CONDITIONS = DEBUG;
				SWIFT_OPTIMIZATION_LEVEL = "-Onone";
			};
			name = Debug;
		};
		32904B39281FB5FF00334001 /* Release */ = {
			isa = XCBuildConfiguration;
			buildSettings = {
				ALWAYS_SEARCH_USER_PATHS = NO;
				CLANG_ANALYZER_NONNULL = YES;
				CLANG_ANALYZER_NUMBER_OBJECT_CONVERSION = YES_AGGRESSIVE;
				CLANG_CXX_LANGUAGE_STANDARD = "gnu++17";
				CLANG_ENABLE_MODULES = YES;
				CLANG_ENABLE_OBJC_ARC = YES;
				CLANG_ENABLE_OBJC_WEAK = YES;
				CLANG_WARN_BLOCK_CAPTURE_AUTORELEASING = YES;
				CLANG_WARN_BOOL_CONVERSION = YES;
				CLANG_WARN_COMMA = YES;
				CLANG_WARN_CONSTANT_CONVERSION = YES;
				CLANG_WARN_DEPRECATED_OBJC_IMPLEMENTATIONS = YES;
				CLANG_WARN_DIRECT_OBJC_ISA_USAGE = YES_ERROR;
				CLANG_WARN_DOCUMENTATION_COMMENTS = YES;
				CLANG_WARN_EMPTY_BODY = YES;
				CLANG_WARN_ENUM_CONVERSION = YES;
				CLANG_WARN_INFINITE_RECURSION = YES;
				CLANG_WARN_INT_CONVERSION = YES;
				CLANG_WARN_NON_LITERAL_NULL_CONVERSION = YES;
				CLANG_WARN_OBJC_IMPLICIT_RETAIN_SELF = YES;
				CLANG_WARN_OBJC_LITERAL_CONVERSION = YES;
				CLANG_WARN_OBJC_ROOT_CLASS = YES_ERROR;
				CLANG_WARN_QUOTED_INCLUDE_IN_FRAMEWORK_HEADER = YES;
				CLANG_WARN_RANGE_LOOP_ANALYSIS = YES;
				CLANG_WARN_STRICT_PROTOTYPES = YES;
				CLANG_WARN_SUSPICIOUS_MOVE = YES;
				CLANG_WARN_UNGUARDED_AVAILABILITY = YES_AGGRESSIVE;
				CLANG_WARN_UNREACHABLE_CODE = YES;
				CLANG_WARN__DUPLICATE_METHOD_MATCH = YES;
				COPY_PHASE_STRIP = NO;
				DEBUG_INFORMATION_FORMAT = "dwarf-with-dsym";
				ENABLE_NS_ASSERTIONS = NO;
				ENABLE_STRICT_OBJC_MSGSEND = YES;
				GCC_C_LANGUAGE_STANDARD = gnu11;
				GCC_NO_COMMON_BLOCKS = YES;
				GCC_WARN_64_TO_32_BIT_CONVERSION = YES;
				GCC_WARN_ABOUT_RETURN_TYPE = YES_ERROR;
				GCC_WARN_UNDECLARED_SELECTOR = YES;
				GCC_WARN_UNINITIALIZED_AUTOS = YES_AGGRESSIVE;
				GCC_WARN_UNUSED_FUNCTION = YES;
				GCC_WARN_UNUSED_VARIABLE = YES;
				IPHONEOS_DEPLOYMENT_TARGET = 15.4;
				MTL_ENABLE_DEBUG_INFO = NO;
				MTL_FAST_MATH = YES;
				SDKROOT = iphoneos;
				SWIFT_COMPILATION_MODE = wholemodule;
				SWIFT_OPTIMIZATION_LEVEL = "-O";
				VALIDATE_PRODUCT = YES;
			};
			name = Release;
		};
		32904B3B281FB5FF00334001 /* Debug */ = {
			isa = XCBuildConfiguration;
			buildSettings = {
				ASSETCATALOG_COMPILER_APPICON_NAME = AppIcon;
				ASSETCATALOG_COMPILER_GLOBAL_ACCENT_COLOR_NAME = AccentColor;
				CODE_SIGN_STYLE = Automatic;
				CURRENT_PROJECT_VERSION = 1;
				DEVELOPMENT_TEAM = 7RNUW9CZWL;
				GENERATE_INFOPLIST_FILE = YES;
				INFOPLIST_FILE = Alert/Info.plist;
				INFOPLIST_KEY_UIApplicationSupportsIndirectInputEvents = YES;
				INFOPLIST_KEY_UILaunchStoryboardName = LaunchScreen;
				INFOPLIST_KEY_UIMainStoryboardFile = Main;
				INFOPLIST_KEY_UISupportedInterfaceOrientations_iPad = "UIInterfaceOrientationPortrait UIInterfaceOrientationPortraitUpsideDown UIInterfaceOrientationLandscapeLeft UIInterfaceOrientationLandscapeRight";
				INFOPLIST_KEY_UISupportedInterfaceOrientations_iPhone = "UIInterfaceOrientationPortrait UIInterfaceOrientationLandscapeLeft UIInterfaceOrientationLandscapeRight";
				LD_RUNPATH_SEARCH_PATHS = (
					"$(inherited)",
					"@executable_path/Frameworks",
				);
				MARKETING_VERSION = 1.0;
				PRODUCT_BUNDLE_IDENTIFIER = sfK.Alert;
				PRODUCT_NAME = "$(TARGET_NAME)";
				SWIFT_EMIT_LOC_STRINGS = YES;
				SWIFT_VERSION = 5.0;
				TARGETED_DEVICE_FAMILY = "1,2";
			};
			name = Debug;
		};
		32904B3C281FB5FF00334001 /* Release */ = {
			isa = XCBuildConfiguration;
			buildSettings = {
				ASSETCATALOG_COMPILER_APPICON_NAME = AppIcon;
				ASSETCATALOG_COMPILER_GLOBAL_ACCENT_COLOR_NAME = AccentColor;
				CODE_SIGN_STYLE = Automatic;
				CURRENT_PROJECT_VERSION = 1;
				DEVELOPMENT_TEAM = 7RNUW9CZWL;
				GENERATE_INFOPLIST_FILE = YES;
				INFOPLIST_FILE = Alert/Info.plist;
				INFOPLIST_KEY_UIApplicationSupportsIndirectInputEvents = YES;
				INFOPLIST_KEY_UILaunchStoryboardName = LaunchScreen;
				INFOPLIST_KEY_UIMainStoryboardFile = Main;
				INFOPLIST_KEY_UISupportedInterfaceOrientations_iPad = "UIInterfaceOrientationPortrait UIInterfaceOrientationPortraitUpsideDown UIInterfaceOrientationLandscapeLeft UIInterfaceOrientationLandscapeRight";
				INFOPLIST_KEY_UISupportedInterfaceOrientations_iPhone = "UIInterfaceOrientationPortrait UIInterfaceOrientationLandscapeLeft UIInterfaceOrientationLandscapeRight";
				LD_RUNPATH_SEARCH_PATHS = (
					"$(inherited)",
					"@executable_path/Frameworks",
				);
				MARKETING_VERSION = 1.0;
				PRODUCT_BUNDLE_IDENTIFIER = sfK.Alert;
				PRODUCT_NAME = "$(TARGET_NAME)";
				SWIFT_EMIT_LOC_STRINGS = YES;
				SWIFT_VERSION = 5.0;
				TARGETED_DEVICE_FAMILY = "1,2";
			};
			name = Release;
		};
		32904B3E281FB5FF00334001 /* Debug */ = {
			isa = XCBuildConfiguration;
			buildSettings = {
				ALWAYS_EMBED_SWIFT_STANDARD_LIBRARIES = YES;
				BUNDLE_LOADER = "$(TEST_HOST)";
				CODE_SIGN_STYLE = Automatic;
				CURRENT_PROJECT_VERSION = 1;
				DEVELOPMENT_TEAM = 7RNUW9CZWL;
				GENERATE_INFOPLIST_FILE = YES;
				IPHONEOS_DEPLOYMENT_TARGET = 15.4;
				MARKETING_VERSION = 1.0;
				PRODUCT_BUNDLE_IDENTIFIER = sfK.AlertTests;
				PRODUCT_NAME = "$(TARGET_NAME)";
				SWIFT_EMIT_LOC_STRINGS = NO;
				SWIFT_VERSION = 5.0;
				TARGETED_DEVICE_FAMILY = "1,2";
				TEST_HOST = "$(BUILT_PRODUCTS_DIR)/Alert.app/Alert";
			};
			name = Debug;
		};
		32904B3F281FB5FF00334001 /* Release */ = {
			isa = XCBuildConfiguration;
			buildSettings = {
				ALWAYS_EMBED_SWIFT_STANDARD_LIBRARIES = YES;
				BUNDLE_LOADER = "$(TEST_HOST)";
				CODE_SIGN_STYLE = Automatic;
				CURRENT_PROJECT_VERSION = 1;
				DEVELOPMENT_TEAM = 7RNUW9CZWL;
				GENERATE_INFOPLIST_FILE = YES;
				IPHONEOS_DEPLOYMENT_TARGET = 15.4;
				MARKETING_VERSION = 1.0;
				PRODUCT_BUNDLE_IDENTIFIER = sfK.AlertTests;
				PRODUCT_NAME = "$(TARGET_NAME)";
				SWIFT_EMIT_LOC_STRINGS = NO;
				SWIFT_VERSION = 5.0;
				TARGETED_DEVICE_FAMILY = "1,2";
				TEST_HOST = "$(BUILT_PRODUCTS_DIR)/Alert.app/Alert";
			};
			name = Release;
		};
		32904B41281FB5FF00334001 /* Debug */ = {
			isa = XCBuildConfiguration;
			buildSettings = {
				ALWAYS_EMBED_SWIFT_STANDARD_LIBRARIES = YES;
				CODE_SIGN_STYLE = Automatic;
				CURRENT_PROJECT_VERSION = 1;
				DEVELOPMENT_TEAM = 7RNUW9CZWL;
				GENERATE_INFOPLIST_FILE = YES;
				MARKETING_VERSION = 1.0;
				PRODUCT_BUNDLE_IDENTIFIER = sfK.AlertUITests;
				PRODUCT_NAME = "$(TARGET_NAME)";
				SWIFT_EMIT_LOC_STRINGS = NO;
				SWIFT_VERSION = 5.0;
				TARGETED_DEVICE_FAMILY = "1,2";
				TEST_TARGET_NAME = Alert;
			};
			name = Debug;
		};
		32904B42281FB5FF00334001 /* Release */ = {
			isa = XCBuildConfiguration;
			buildSettings = {
				ALWAYS_EMBED_SWIFT_STANDARD_LIBRARIES = YES;
				CODE_SIGN_STYLE = Automatic;
				CURRENT_PROJECT_VERSION = 1;
				DEVELOPMENT_TEAM = 7RNUW9CZWL;
				GENERATE_INFOPLIST_FILE = YES;
				MARKETING_VERSION = 1.0;
				PRODUCT_BUNDLE_IDENTIFIER = sfK.AlertUITests;
				PRODUCT_NAME = "$(TARGET_NAME)";
				SWIFT_EMIT_LOC_STRINGS = NO;
				SWIFT_VERSION = 5.0;
				TARGETED_DEVICE_FAMILY = "1,2";
				TEST_TARGET_NAME = Alert;
			};
			name = Release;
		};
/* End XCBuildConfiguration section */

/* Begin XCConfigurationList section */
		32904B0B281FB5FE00334001 /* Build configuration list for PBXProject "Alert" */ = {
			isa = XCConfigurationList;
			buildConfigurations = (
				32904B38281FB5FF00334001 /* Debug */,
				32904B39281FB5FF00334001 /* Release */,
			);
			defaultConfigurationIsVisible = 0;
			defaultConfigurationName = Release;
		};
		32904B3A281FB5FF00334001 /* Build configuration list for PBXNativeTarget "Alert" */ = {
			isa = XCConfigurationList;
			buildConfigurations = (
				32904B3B281FB5FF00334001 /* Debug */,
				32904B3C281FB5FF00334001 /* Release */,
			);
			defaultConfigurationIsVisible = 0;
			defaultConfigurationName = Release;
		};
		32904B3D281FB5FF00334001 /* Build configuration list for PBXNativeTarget "AlertTests" */ = {
			isa = XCConfigurationList;
			buildConfigurations = (
				32904B3E281FB5FF00334001 /* Debug */,
				32904B3F281FB5FF00334001 /* Release */,
			);
			defaultConfigurationIsVisible = 0;
			defaultConfigurationName = Release;
		};
		32904B40281FB5FF00334001 /* Build configuration list for PBXNativeTarget "AlertUITests" */ = {
			isa = XCConfigurationList;
			buildConfigurations = (
				32904B41281FB5FF00334001 /* Debug */,
				32904B42281FB5FF00334001 /* Release */,
			);
			defaultConfigurationIsVisible = 0;
			defaultConfigurationName = Release;
		};
/* End XCConfigurationList section */
	};
	rootObject = 32904B08281FB5FE00334001 /* Project object */;
}
