// !$*UTF8*$!
{
	archiveVersion = 1;
	classes = {
	};
	objectVersion = 55;
	objects = {

/* Begin PBXBuildFile section */
		328A9910282FC97E009939C0 /* AppDelegate.swift in Sources */ = {isa = PBXBuildFile; fileRef = 328A990F282FC97E009939C0 /* AppDelegate.swift */; };
		328A9912282FC97E009939C0 /* SceneDelegate.swift in Sources */ = {isa = PBXBuildFile; fileRef = 328A9911282FC97E009939C0 /* SceneDelegate.swift */; };
		328A9914282FC97E009939C0 /* ViewController.swift in Sources */ = {isa = PBXBuildFile; fileRef = 328A9913282FC97E009939C0 /* ViewController.swift */; };
		328A9917282FC97E009939C0 /* Main.storyboard in Resources */ = {isa = PBXBuildFile; fileRef = 328A9915282FC97E009939C0 /* Main.storyboard */; };
		328A9919282FC980009939C0 /* Assets.xcassets in Resources */ = {isa = PBXBuildFile; fileRef = 328A9918282FC980009939C0 /* Assets.xcassets */; };
		328A991C282FC980009939C0 /* LaunchScreen.storyboard in Resources */ = {isa = PBXBuildFile; fileRef = 328A991A282FC980009939C0 /* LaunchScreen.storyboard */; };
		328A9927282FC980009939C0 /* webTests.swift in Sources */ = {isa = PBXBuildFile; fileRef = 328A9926282FC980009939C0 /* webTests.swift */; };
		328A9931282FC980009939C0 /* webUITests.swift in Sources */ = {isa = PBXBuildFile; fileRef = 328A9930282FC980009939C0 /* webUITests.swift */; };
		328A9933282FC980009939C0 /* webUITestsLaunchTests.swift in Sources */ = {isa = PBXBuildFile; fileRef = 328A9932282FC980009939C0 /* webUITestsLaunchTests.swift */; };
		32F5A2FB28336B2A00BFF9EF /* htmlView.html in Resources */ = {isa = PBXBuildFile; fileRef = 32F5A2FA28336B2A00BFF9EF /* htmlView.html */; };
/* End PBXBuildFile section */

/* Begin PBXContainerItemProxy section */
		328A9923282FC980009939C0 /* PBXContainerItemProxy */ = {
			isa = PBXContainerItemProxy;
			containerPortal = 328A9904282FC97E009939C0 /* Project object */;
			proxyType = 1;
			remoteGlobalIDString = 328A990B282FC97E009939C0;
			remoteInfo = web;
		};
		328A992D282FC980009939C0 /* PBXContainerItemProxy */ = {
			isa = PBXContainerItemProxy;
			containerPortal = 328A9904282FC97E009939C0 /* Project object */;
			proxyType = 1;
			remoteGlobalIDString = 328A990B282FC97E009939C0;
			remoteInfo = web;
		};
/* End PBXContainerItemProxy section */

/* Begin PBXFileReference section */
		328A990C282FC97E009939C0 /* web.app */ = {isa = PBXFileReference; explicitFileType = wrapper.application; includeInIndex = 0; path = web.app; sourceTree = BUILT_PRODUCTS_DIR; };
		328A990F282FC97E009939C0 /* AppDelegate.swift */ = {isa = PBXFileReference; lastKnownFileType = sourcecode.swift; path = AppDelegate.swift; sourceTree = "<group>"; };
		328A9911282FC97E009939C0 /* SceneDelegate.swift */ = {isa = PBXFileReference; lastKnownFileType = sourcecode.swift; path = SceneDelegate.swift; sourceTree = "<group>"; };
		328A9913282FC97E009939C0 /* ViewController.swift */ = {isa = PBXFileReference; lastKnownFileType = sourcecode.swift; path = ViewController.swift; sourceTree = "<group>"; };
		328A9916282FC97E009939C0 /* Base */ = {isa = PBXFileReference; lastKnownFileType = file.storyboard; name = Base; path = Base.lproj/Main.storyboard; sourceTree = "<group>"; };
		328A9918282FC980009939C0 /* Assets.xcassets */ = {isa = PBXFileReference; lastKnownFileType = folder.assetcatalog; path = Assets.xcassets; sourceTree = "<group>"; };
		328A991B282FC980009939C0 /* Base */ = {isa = PBXFileReference; lastKnownFileType = file.storyboard; name = Base; path = Base.lproj/LaunchScreen.storyboard; sourceTree = "<group>"; };
		328A991D282FC980009939C0 /* Info.plist */ = {isa = PBXFileReference; lastKnownFileType = text.plist.xml; path = Info.plist; sourceTree = "<group>"; };
		328A9922282FC980009939C0 /* webTests.xctest */ = {isa = PBXFileReference; explicitFileType = wrapper.cfbundle; includeInIndex = 0; path = webTests.xctest; sourceTree = BUILT_PRODUCTS_DIR; };
		328A9926282FC980009939C0 /* webTests.swift */ = {isa = PBXFileReference; lastKnownFileType = sourcecode.swift; path = webTests.swift; sourceTree = "<group>"; };
		328A992C282FC980009939C0 /* webUITests.xctest */ = {isa = PBXFileReference; explicitFileType = wrapper.cfbundle; includeInIndex = 0; path = webUITests.xctest; sourceTree = BUILT_PRODUCTS_DIR; };
		328A9930282FC980009939C0 /* webUITests.swift */ = {isa = PBXFileReference; lastKnownFileType = sourcecode.swift; path = webUITests.swift; sourceTree = "<group>"; };
		328A9932282FC980009939C0 /* webUITestsLaunchTests.swift */ = {isa = PBXFileReference; lastKnownFileType = sourcecode.swift; path = webUITestsLaunchTests.swift; sourceTree = "<group>"; };
		32F5A2FA28336B2A00BFF9EF /* htmlView.html */ = {isa = PBXFileReference; lastKnownFileType = text.html; path = htmlView.html; sourceTree = "<group>"; };
/* End PBXFileReference section */

/* Begin PBXFrameworksBuildPhase section */
		328A9909282FC97E009939C0 /* Frameworks */ = {
			isa = PBXFrameworksBuildPhase;
			buildActionMask = 2147483647;
			files = (
			);
			runOnlyForDeploymentPostprocessing = 0;
		};
		328A991F282FC980009939C0 /* Frameworks */ = {
			isa = PBXFrameworksBuildPhase;
			buildActionMask = 2147483647;
			files = (
			);
			runOnlyForDeploymentPostprocessing = 0;
		};
		328A9929282FC980009939C0 /* Frameworks */ = {
			isa = PBXFrameworksBuildPhase;
			buildActionMask = 2147483647;
			files = (
			);
			runOnlyForDeploymentPostprocessing = 0;
		};
/* End PBXFrameworksBuildPhase section */

/* Begin PBXGroup section */
		328A9903282FC97E009939C0 = {
			isa = PBXGroup;
			children = (
				328A990E282FC97E009939C0 /* web */,
				328A9925282FC980009939C0 /* webTests */,
				328A992F282FC980009939C0 /* webUITests */,
				328A990D282FC97E009939C0 /* Products */,
			);
			sourceTree = "<group>";
		};
		328A990D282FC97E009939C0 /* Products */ = {
			isa = PBXGroup;
			children = (
				328A990C282FC97E009939C0 /* web.app */,
				328A9922282FC980009939C0 /* webTests.xctest */,
				328A992C282FC980009939C0 /* webUITests.xctest */,
			);
			name = Products;
			sourceTree = "<group>";
		};
		328A990E282FC97E009939C0 /* web */ = {
			isa = PBXGroup;
			children = (
				328A990F282FC97E009939C0 /* AppDelegate.swift */,
				328A9911282FC97E009939C0 /* SceneDelegate.swift */,
				328A9913282FC97E009939C0 /* ViewController.swift */,
				32F5A2FA28336B2A00BFF9EF /* htmlView.html */,
				328A9915282FC97E009939C0 /* Main.storyboard */,
				328A9918282FC980009939C0 /* Assets.xcassets */,
				328A991A282FC980009939C0 /* LaunchScreen.storyboard */,
				328A991D282FC980009939C0 /* Info.plist */,
			);
			path = web;
			sourceTree = "<group>";
		};
		328A9925282FC980009939C0 /* webTests */ = {
			isa = PBXGroup;
			children = (
				328A9926282FC980009939C0 /* webTests.swift */,
			);
			path = webTests;
			sourceTree = "<group>";
		};
		328A992F282FC980009939C0 /* webUITests */ = {
			isa = PBXGroup;
			children = (
				328A9930282FC980009939C0 /* webUITests.swift */,
				328A9932282FC980009939C0 /* webUITestsLaunchTests.swift */,
			);
			path = webUITests;
			sourceTree = "<group>";
		};
/* End PBXGroup section */

/* Begin PBXNativeTarget section */
		328A990B282FC97E009939C0 /* web */ = {
			isa = PBXNativeTarget;
			buildConfigurationList = 328A9936282FC980009939C0 /* Build configuration list for PBXNativeTarget "web" */;
			buildPhases = (
				328A9908282FC97E009939C0 /* Sources */,
				328A9909282FC97E009939C0 /* Frameworks */,
				328A990A282FC97E009939C0 /* Resources */,
			);
			buildRules = (
			);
			dependencies = (
			);
			name = web;
			productName = web;
			productReference = 328A990C282FC97E009939C0 /* web.app */;
			productType = "com.apple.product-type.application";
		};
		328A9921282FC980009939C0 /* webTests */ = {
			isa = PBXNativeTarget;
			buildConfigurationList = 328A9939282FC980009939C0 /* Build configuration list for PBXNativeTarget "webTests" */;
			buildPhases = (
				328A991E282FC980009939C0 /* Sources */,
				328A991F282FC980009939C0 /* Frameworks */,
				328A9920282FC980009939C0 /* Resources */,
			);
			buildRules = (
			);
			dependencies = (
				328A9924282FC980009939C0 /* PBXTargetDependency */,
			);
			name = webTests;
			productName = webTests;
			productReference = 328A9922282FC980009939C0 /* webTests.xctest */;
			productType = "com.apple.product-type.bundle.unit-test";
		};
		328A992B282FC980009939C0 /* webUITests */ = {
			isa = PBXNativeTarget;
			buildConfigurationList = 328A993C282FC980009939C0 /* Build configuration list for PBXNativeTarget "webUITests" */;
			buildPhases = (
				328A9928282FC980009939C0 /* Sources */,
				328A9929282FC980009939C0 /* Frameworks */,
				328A992A282FC980009939C0 /* Resources */,
			);
			buildRules = (
			);
			dependencies = (
				328A992E282FC980009939C0 /* PBXTargetDependency */,
			);
			name = webUITests;
			productName = webUITests;
			productReference = 328A992C282FC980009939C0 /* webUITests.xctest */;
			productType = "com.apple.product-type.bundle.ui-testing";
		};
/* End PBXNativeTarget section */

/* Begin PBXProject section */
		328A9904282FC97E009939C0 /* Project object */ = {
			isa = PBXProject;
			attributes = {
				BuildIndependentTargetsInParallel = 1;
				LastSwiftUpdateCheck = 1330;
				LastUpgradeCheck = 1330;
				TargetAttributes = {
					328A990B282FC97E009939C0 = {
						CreatedOnToolsVersion = 13.3.1;
					};
					328A9921282FC980009939C0 = {
						CreatedOnToolsVersion = 13.3.1;
						TestTargetID = 328A990B282FC97E009939C0;
					};
					328A992B282FC980009939C0 = {
						CreatedOnToolsVersion = 13.3.1;
						TestTargetID = 328A990B282FC97E009939C0;
					};
				};
			};
			buildConfigurationList = 328A9907282FC97E009939C0 /* Build configuration list for PBXProject "web" */;
			compatibilityVersion = "Xcode 13.0";
			developmentRegion = en;
			hasScannedForEncodings = 0;
			knownRegions = (
				en,
				Base,
			);
			mainGroup = 328A9903282FC97E009939C0;
			productRefGroup = 328A990D282FC97E009939C0 /* Products */;
			projectDirPath = "";
			projectRoot = "";
			targets = (
				328A990B282FC97E009939C0 /* web */,
				328A9921282FC980009939C0 /* webTests */,
				328A992B282FC980009939C0 /* webUITests */,
			);
		};
/* End PBXProject section */

/* Begin PBXResourcesBuildPhase section */
		328A990A282FC97E009939C0 /* Resources */ = {
			isa = PBXResourcesBuildPhase;
			buildActionMask = 2147483647;
			files = (
				32F5A2FB28336B2A00BFF9EF /* htmlView.html in Resources */,
				328A991C282FC980009939C0 /* LaunchScreen.storyboard in Resources */,
				328A9919282FC980009939C0 /* Assets.xcassets in Resources */,
				328A9917282FC97E009939C0 /* Main.storyboard in Resources */,
			);
			runOnlyForDeploymentPostprocessing = 0;
		};
		328A9920282FC980009939C0 /* Resources */ = {
			isa = PBXResourcesBuildPhase;
			buildActionMask = 2147483647;
			files = (
			);
			runOnlyForDeploymentPostprocessing = 0;
		};
		328A992A282FC980009939C0 /* Resources */ = {
			isa = PBXResourcesBuildPhase;
			buildActionMask = 2147483647;
			files = (
			);
			runOnlyForDeploymentPostprocessing = 0;
		};
/* End PBXResourcesBuildPhase section */

/* Begin PBXSourcesBuildPhase section */
		328A9908282FC97E009939C0 /* Sources */ = {
			isa = PBXSourcesBuildPhase;
			buildActionMask = 2147483647;
			files = (
				328A9914282FC97E009939C0 /* ViewController.swift in Sources */,
				328A9910282FC97E009939C0 /* AppDelegate.swift in Sources */,
				328A9912282FC97E009939C0 /* SceneDelegate.swift in Sources */,
			);
			runOnlyForDeploymentPostprocessing = 0;
		};
		328A991E282FC980009939C0 /* Sources */ = {
			isa = PBXSourcesBuildPhase;
			buildActionMask = 2147483647;
			files = (
				328A9927282FC980009939C0 /* webTests.swift in Sources */,
			);
			runOnlyForDeploymentPostprocessing = 0;
		};
		328A9928282FC980009939C0 /* Sources */ = {
			isa = PBXSourcesBuildPhase;
			buildActionMask = 2147483647;
			files = (
				328A9931282FC980009939C0 /* webUITests.swift in Sources */,
				328A9933282FC980009939C0 /* webUITestsLaunchTests.swift in Sources */,
			);
			runOnlyForDeploymentPostprocessing = 0;
		};
/* End PBXSourcesBuildPhase section */

/* Begin PBXTargetDependency section */
		328A9924282FC980009939C0 /* PBXTargetDependency */ = {
			isa = PBXTargetDependency;
			target = 328A990B282FC97E009939C0 /* web */;
			targetProxy = 328A9923282FC980009939C0 /* PBXContainerItemProxy */;
		};
		328A992E282FC980009939C0 /* PBXTargetDependency */ = {
			isa = PBXTargetDependency;
			target = 328A990B282FC97E009939C0 /* web */;
			targetProxy = 328A992D282FC980009939C0 /* PBXContainerItemProxy */;
		};
/* End PBXTargetDependency section */

/* Begin PBXVariantGroup section */
		328A9915282FC97E009939C0 /* Main.storyboard */ = {
			isa = PBXVariantGroup;
			children = (
				328A9916282FC97E009939C0 /* Base */,
			);
			name = Main.storyboard;
			sourceTree = "<group>";
		};
		328A991A282FC980009939C0 /* LaunchScreen.storyboard */ = {
			isa = PBXVariantGroup;
			children = (
				328A991B282FC980009939C0 /* Base */,
			);
			name = LaunchScreen.storyboard;
			sourceTree = "<group>";
		};
/* End PBXVariantGroup section */

/* Begin XCBuildConfiguration section */
		328A9934282FC980009939C0 /* Debug */ = {
			isa = XCBuildConfiguration;
			buildSettings = {
				ALWAYS_SEARCH_USER_PATHS = NO;
				CLANG_ANALYZER_NONNULL = YES;
				CLANG_ANALYZER_NUMBER_OBJECT_CONVERSION = YES_AGGRESSIVE;
				CLANG_CXX_LANGUAGE_STANDARD = "gnu++17";
				CLANG_ENABLE_MODULES = YES;
				CLANG_ENABLE_OBJC_ARC = YES;
				CLANG_ENABLE_OBJC_WEAK = YES;
				CLANG_WARN_BLOCK_CAPTURE_AUTORELEASING = YES;
				CLANG_WARN_BOOL_CONVERSION = YES;
				CLANG_WARN_COMMA = YES;
				CLANG_WARN_CONSTANT_CONVERSION = YES;
				CLANG_WARN_DEPRECATED_OBJC_IMPLEMENTATIONS = YES;
				CLANG_WARN_DIRECT_OBJC_ISA_USAGE = YES_ERROR;
				CLANG_WARN_DOCUMENTATION_COMMENTS = YES;
				CLANG_WARN_EMPTY_BODY = YES;
				CLANG_WARN_ENUM_CONVERSION = YES;
				CLANG_WARN_INFINITE_RECURSION = YES;
				CLANG_WARN_INT_CONVERSION = YES;
				CLANG_WARN_NON_LITERAL_NULL_CONVERSION = YES;
				CLANG_WARN_OBJC_IMPLICIT_RETAIN_SELF = YES;
				CLANG_WARN_OBJC_LITERAL_CONVERSION = YES;
				CLANG_WARN_OBJC_ROOT_CLASS = YES_ERROR;
				CLANG_WARN_QUOTED_INCLUDE_IN_FRAMEWORK_HEADER = YES;
				CLANG_WARN_RANGE_LOOP_ANALYSIS = YES;
				CLANG_WARN_STRICT_PROTOTYPES = YES;
				CLANG_WARN_SUSPICIOUS_MOVE = YES;
				CLANG_WARN_UNGUARDED_AVAILABILITY = YES_AGGRESSIVE;
				CLANG_WARN_UNREACHABLE_CODE = YES;
				CLANG_WARN__DUPLICATE_METHOD_MATCH = YES;
				COPY_PHASE_STRIP = NO;
				DEBUG_INFORMATION_FORMAT = dwarf;
				ENABLE_STRICT_OBJC_MSGSEND = YES;
				ENABLE_TESTABILITY = YES;
				GCC_C_LANGUAGE_STANDARD = gnu11;
				GCC_DYNAMIC_NO_PIC = NO;
				GCC_NO_COMMON_BLOCKS = YES;
				GCC_OPTIMIZATION_LEVEL = 0;
				GCC_PREPROCESSOR_DEFINITIONS = (
					"DEBUG=1",
					"$(inherited)",
				);
				GCC_WARN_64_TO_32_BIT_CONVERSION = YES;
				GCC_WARN_ABOUT_RETURN_TYPE = YES_ERROR;
				GCC_WARN_UNDECLARED_SELECTOR = YES;
				GCC_WARN_UNINITIALIZED_AUTOS = YES_AGGRESSIVE;
				GCC_WARN_UNUSED_FUNCTION = YES;
				GCC_WARN_UNUSED_VARIABLE = YES;
				IPHONEOS_DEPLOYMENT_TARGET = 15.4;
				MTL_ENABLE_DEBUG_INFO = INCLUDE_SOURCE;
				MTL_FAST_MATH = YES;
				ONLY_ACTIVE_ARCH = YES;
				SDKROOT = iphoneos;
				SWIFT_ACTIVE_COMPILATION_CONDITIONS = DEBUG;
				SWIFT_OPTIMIZATION_LEVEL = "-Onone";
			};
			name = Debug;
		};
		328A9935282FC980009939C0 /* Release */ = {
			isa = XCBuildConfiguration;
			buildSettings = {
				ALWAYS_SEARCH_USER_PATHS = NO;
				CLANG_ANALYZER_NONNULL = YES;
				CLANG_ANALYZER_NUMBER_OBJECT_CONVERSION = YES_AGGRESSIVE;
				CLANG_CXX_LANGUAGE_STANDARD = "gnu++17";
				CLANG_ENABLE_MODULES = YES;
				CLANG_ENABLE_OBJC_ARC = YES;
				CLANG_ENABLE_OBJC_WEAK = YES;
				CLANG_WARN_BLOCK_CAPTURE_AUTORELEASING = YES;
				CLANG_WARN_BOOL_CONVERSION = YES;
				CLANG_WARN_COMMA = YES;
				CLANG_WARN_CONSTANT_CONVERSION = YES;
				CLANG_WARN_DEPRECATED_OBJC_IMPLEMENTATIONS = YES;
				CLANG_WARN_DIRECT_OBJC_ISA_USAGE = YES_ERROR;
				CLANG_WARN_DOCUMENTATION_COMMENTS = YES;
				CLANG_WARN_EMPTY_BODY = YES;
				CLANG_WARN_ENUM_CONVERSION = YES;
				CLANG_WARN_INFINITE_RECURSION = YES;
				CLANG_WARN_INT_CONVERSION = YES;
				CLANG_WARN_NON_LITERAL_NULL_CONVERSION = YES;
				CLANG_WARN_OBJC_IMPLICIT_RETAIN_SELF = YES;
				CLANG_WARN_OBJC_LITERAL_CONVERSION = YES;
				CLANG_WARN_OBJC_ROOT_CLASS = YES_ERROR;
				CLANG_WARN_QUOTED_INCLUDE_IN_FRAMEWORK_HEADER = YES;
				CLANG_WARN_RANGE_LOOP_ANALYSIS = YES;
				CLANG_WARN_STRICT_PROTOTYPES = YES;
				CLANG_WARN_SUSPICIOUS_MOVE = YES;
				CLANG_WARN_UNGUARDED_AVAILABILITY = YES_AGGRESSIVE;
				CLANG_WARN_UNREACHABLE_CODE = YES;
				CLANG_WARN__DUPLICATE_METHOD_MATCH = YES;
				COPY_PHASE_STRIP = NO;
				DEBUG_INFORMATION_FORMAT = "dwarf-with-dsym";
				ENABLE_NS_ASSERTIONS = NO;
				ENABLE_STRICT_OBJC_MSGSEND = YES;
				GCC_C_LANGUAGE_STANDARD = gnu11;
				GCC_NO_COMMON_BLOCKS = YES;
				GCC_WARN_64_TO_32_BIT_CONVERSION = YES;
				GCC_WARN_ABOUT_RETURN_TYPE = YES_ERROR;
				GCC_WARN_UNDECLARED_SELECTOR = YES;
				GCC_WARN_UNINITIALIZED_AUTOS = YES_AGGRESSIVE;
				GCC_WARN_UNUSED_FUNCTION = YES;
				GCC_WARN_UNUSED_VARIABLE = YES;
				IPHONEOS_DEPLOYMENT_TARGET = 15.4;
				MTL_ENABLE_DEBUG_INFO = NO;
				MTL_FAST_MATH = YES;
				SDKROOT = iphoneos;
				SWIFT_COMPILATION_MODE = wholemodule;
				SWIFT_OPTIMIZATION_LEVEL = "-O";
				VALIDATE_PRODUCT = YES;
			};
			name = Release;
		};
		328A9937282FC980009939C0 /* Debug */ = {
			isa = XCBuildConfiguration;
			buildSettings = {
				ASSETCATALOG_COMPILER_APPICON_NAME = AppIcon;
				ASSETCATALOG_COMPILER_GLOBAL_ACCENT_COLOR_NAME = AccentColor;
				CODE_SIGN_STYLE = Automatic;
				CURRENT_PROJECT_VERSION = 1;
				DEVELOPMENT_TEAM = 7RNUW9CZWL;
				GENERATE_INFOPLIST_FILE = YES;
				INFOPLIST_FILE = web/Info.plist;
				INFOPLIST_KEY_UIApplicationSupportsIndirectInputEvents = YES;
				INFOPLIST_KEY_UILaunchStoryboardName = LaunchScreen;
				INFOPLIST_KEY_UIMainStoryboardFile = Main;
				INFOPLIST_KEY_UISupportedInterfaceOrientations_iPad = "UIInterfaceOrientationPortrait UIInterfaceOrientationPortraitUpsideDown UIInterfaceOrientationLandscapeLeft UIInterfaceOrientationLandscapeRight";
				INFOPLIST_KEY_UISupportedInterfaceOrientations_iPhone = "UIInterfaceOrientationPortrait UIInterfaceOrientationLandscapeLeft UIInterfaceOrientationLandscapeRight";
				LD_RUNPATH_SEARCH_PATHS = (
					"$(inherited)",
					"@executable_path/Frameworks",
				);
				MARKETING_VERSION = 1.0;
				PRODUCT_BUNDLE_IDENTIFIER = sfK.web;
				PRODUCT_NAME = "$(TARGET_NAME)";
				SWIFT_EMIT_LOC_STRINGS = YES;
				SWIFT_VERSION = 5.0;
				TARGETED_DEVICE_FAMILY = "1,2";
			};
			name = Debug;
		};
		328A9938282FC980009939C0 /* Release */ = {
			isa = XCBuildConfiguration;
			buildSettings = {
				ASSETCATALOG_COMPILER_APPICON_NAME = AppIcon;
				ASSETCATALOG_COMPILER_GLOBAL_ACCENT_COLOR_NAME = AccentColor;
				CODE_SIGN_STYLE = Automatic;
				CURRENT_PROJECT_VERSION = 1;
				DEVELOPMENT_TEAM = 7RNUW9CZWL;
				GENERATE_INFOPLIST_FILE = YES;
				INFOPLIST_FILE = web/Info.plist;
				INFOPLIST_KEY_UIApplicationSupportsIndirectInputEvents = YES;
				INFOPLIST_KEY_UILaunchStoryboardName = LaunchScreen;
				INFOPLIST_KEY_UIMainStoryboardFile = Main;
				INFOPLIST_KEY_UISupportedInterfaceOrientations_iPad = "UIInterfaceOrientationPortrait UIInterfaceOrientationPortraitUpsideDown UIInterfaceOrientationLandscapeLeft UIInterfaceOrientationLandscapeRight";
				INFOPLIST_KEY_UISupportedInterfaceOrientations_iPhone = "UIInterfaceOrientationPortrait UIInterfaceOrientationLandscapeLeft UIInterfaceOrientationLandscapeRight";
				LD_RUNPATH_SEARCH_PATHS = (
					"$(inherited)",
					"@executable_path/Frameworks",
				);
				MARKETING_VERSION = 1.0;
				PRODUCT_BUNDLE_IDENTIFIER = sfK.web;
				PRODUCT_NAME = "$(TARGET_NAME)";
				SWIFT_EMIT_LOC_STRINGS = YES;
				SWIFT_VERSION = 5.0;
				TARGETED_DEVICE_FAMILY = "1,2";
			};
			name = Release;
		};
		328A993A282FC980009939C0 /* Debug */ = {
			isa = XCBuildConfiguration;
			buildSettings = {
				ALWAYS_EMBED_SWIFT_STANDARD_LIBRARIES = YES;
				BUNDLE_LOADER = "$(TEST_HOST)";
				CODE_SIGN_STYLE = Automatic;
				CURRENT_PROJECT_VERSION = 1;
				DEVELOPMENT_TEAM = 7RNUW9CZWL;
				GENERATE_INFOPLIST_FILE = YES;
				IPHONEOS_DEPLOYMENT_TARGET = 15.4;
				MARKETING_VERSION = 1.0;
				PRODUCT_BUNDLE_IDENTIFIER = sfK.webTests;
				PRODUCT_NAME = "$(TARGET_NAME)";
				SWIFT_EMIT_LOC_STRINGS = NO;
				SWIFT_VERSION = 5.0;
				TARGETED_DEVICE_FAMILY = "1,2";
				TEST_HOST = "$(BUILT_PRODUCTS_DIR)/web.app/web";
			};
			name = Debug;
		};
		328A993B282FC980009939C0 /* Release */ = {
			isa = XCBuildConfiguration;
			buildSettings = {
				ALWAYS_EMBED_SWIFT_STANDARD_LIBRARIES = YES;
				BUNDLE_LOADER = "$(TEST_HOST)";
				CODE_SIGN_STYLE = Automatic;
				CURRENT_PROJECT_VERSION = 1;
				DEVELOPMENT_TEAM = 7RNUW9CZWL;
				GENERATE_INFOPLIST_FILE = YES;
				IPHONEOS_DEPLOYMENT_TARGET = 15.4;
				MARKETING_VERSION = 1.0;
				PRODUCT_BUNDLE_IDENTIFIER = sfK.webTests;
				PRODUCT_NAME = "$(TARGET_NAME)";
				SWIFT_EMIT_LOC_STRINGS = NO;
				SWIFT_VERSION = 5.0;
				TARGETED_DEVICE_FAMILY = "1,2";
				TEST_HOST = "$(BUILT_PRODUCTS_DIR)/web.app/web";
			};
			name = Release;
		};
		328A993D282FC980009939C0 /* Debug */ = {
			isa = XCBuildConfiguration;
			buildSettings = {
				ALWAYS_EMBED_SWIFT_STANDARD_LIBRARIES = YES;
				CODE_SIGN_STYLE = Automatic;
				CURRENT_PROJECT_VERSION = 1;
				DEVELOPMENT_TEAM = 7RNUW9CZWL;
				GENERATE_INFOPLIST_FILE = YES;
				MARKETING_VERSION = 1.0;
				PRODUCT_BUNDLE_IDENTIFIER = sfK.webUITests;
				PRODUCT_NAME = "$(TARGET_NAME)";
				SWIFT_EMIT_LOC_STRINGS = NO;
				SWIFT_VERSION = 5.0;
				TARGETED_DEVICE_FAMILY = "1,2";
				TEST_TARGET_NAME = web;
			};
			name = Debug;
		};
		328A993E282FC980009939C0 /* Release */ = {
			isa = XCBuildConfiguration;
			buildSettings = {
				ALWAYS_EMBED_SWIFT_STANDARD_LIBRARIES = YES;
				CODE_SIGN_STYLE = Automatic;
				CURRENT_PROJECT_VERSION = 1;
				DEVELOPMENT_TEAM = 7RNUW9CZWL;
				GENERATE_INFOPLIST_FILE = YES;
				MARKETING_VERSION = 1.0;
				PRODUCT_BUNDLE_IDENTIFIER = sfK.webUITests;
				PRODUCT_NAME = "$(TARGET_NAME)";
				SWIFT_EMIT_LOC_STRINGS = NO;
				SWIFT_VERSION = 5.0;
				TARGETED_DEVICE_FAMILY = "1,2";
				TEST_TARGET_NAME = web;
			};
			name = Release;
		};
/* End XCBuildConfiguration section */

/* Begin XCConfigurationList section */
		328A9907282FC97E009939C0 /* Build configuration list for PBXProject "web" */ = {
			isa = XCConfigurationList;
			buildConfigurations = (
				328A9934282FC980009939C0 /* Debug */,
				328A9935282FC980009939C0 /* Release */,
			);
			defaultConfigurationIsVisible = 0;
			defaultConfigurationName = Release;
		};
		328A9936282FC980009939C0 /* Build configuration list for PBXNativeTarget "web" */ = {
			isa = XCConfigurationList;
			buildConfigurations = (
				328A9937282FC980009939C0 /* Debug */,
				328A9938282FC980009939C0 /* Release */,
			);
			defaultConfigurationIsVisible = 0;
			defaultConfigurationName = Release;
		};
		328A9939282FC980009939C0 /* Build configuration list for PBXNativeTarget "webTests" */ = {
			isa = XCConfigurationList;
			buildConfigurations = (
				328A993A282FC980009939C0 /* Debug */,
				328A993B282FC980009939C0 /* Release */,
			);
			defaultConfigurationIsVisible = 0;
			defaultConfigurationName = Release;
		};
		328A993C282FC980009939C0 /* Build configuration list for PBXNativeTarget "webUITests" */ = {
			isa = XCConfigurationList;
			buildConfigurations = (
				328A993D282FC980009939C0 /* Debug */,
				328A993E282FC980009939C0 /* Release */,
			);
			defaultConfigurationIsVisible = 0;
			defaultConfigurationName = Release;
		};
/* End XCConfigurationList section */
	};
	rootObject = 328A9904282FC97E009939C0 /* Project object */;
}
