// !$*UTF8*$!
{
	archiveVersion = 1;
	classes = {
	};
	objectVersion = 55;
	objects = {

/* Begin PBXBuildFile section */
		32904A87281E888B00334001 /* AppDelegate.swift in Sources */ = {isa = PBXBuildFile; fileRef = 32904A86281E888B00334001 /* AppDelegate.swift */; };
		32904A89281E888B00334001 /* SceneDelegate.swift in Sources */ = {isa = PBXBuildFile; fileRef = 32904A88281E888B00334001 /* SceneDelegate.swift */; };
		32904A8B281E888B00334001 /* ViewController.swift in Sources */ = {isa = PBXBuildFile; fileRef = 32904A8A281E888B00334001 /* ViewController.swift */; };
		32904A8E281E888B00334001 /* Main.storyboard in Resources */ = {isa = PBXBuildFile; fileRef = 32904A8C281E888B00334001 /* Main.storyboard */; };
		32904A90281E888C00334001 /* Assets.xcassets in Resources */ = {isa = PBXBuildFile; fileRef = 32904A8F281E888C00334001 /* Assets.xcassets */; };
		32904A93281E888C00334001 /* LaunchScreen.storyboard in Resources */ = {isa = PBXBuildFile; fileRef = 32904A91281E888C00334001 /* LaunchScreen.storyboard */; };
		32904A9E281E888C00334001 /* DatePickerTests.swift in Sources */ = {isa = PBXBuildFile; fileRef = 32904A9D281E888C00334001 /* DatePickerTests.swift */; };
		32904AA8281E888C00334001 /* DatePickerUITests.swift in Sources */ = {isa = PBXBuildFile; fileRef = 32904AA7281E888C00334001 /* DatePickerUITests.swift */; };
		32904AAA281E888C00334001 /* DatePickerUITestsLaunchTests.swift in Sources */ = {isa = PBXBuildFile; fileRef = 32904AA9281E888C00334001 /* DatePickerUITestsLaunchTests.swift */; };
/* End PBXBuildFile section */

/* Begin PBXContainerItemProxy section */
		32904A9A281E888C00334001 /* PBXContainerItemProxy */ = {
			isa = PBXContainerItemProxy;
			containerPortal = 32904A7B281E888B00334001 /* Project object */;
			proxyType = 1;
			remoteGlobalIDString = 32904A82281E888B00334001;
			remoteInfo = DatePicker;
		};
		32904AA4281E888C00334001 /* PBXContainerItemProxy */ = {
			isa = PBXContainerItemProxy;
			containerPortal = 32904A7B281E888B00334001 /* Project object */;
			proxyType = 1;
			remoteGlobalIDString = 32904A82281E888B00334001;
			remoteInfo = DatePicker;
		};
/* End PBXContainerItemProxy section */

/* Begin PBXFileReference section */
		32904A83281E888B00334001 /* DatePicker.app */ = {isa = PBXFileReference; explicitFileType = wrapper.application; includeInIndex = 0; path = DatePicker.app; sourceTree = BUILT_PRODUCTS_DIR; };
		32904A86281E888B00334001 /* AppDelegate.swift */ = {isa = PBXFileReference; lastKnownFileType = sourcecode.swift; path = AppDelegate.swift; sourceTree = "<group>"; };
		32904A88281E888B00334001 /* SceneDelegate.swift */ = {isa = PBXFileReference; lastKnownFileType = sourcecode.swift; path = SceneDelegate.swift; sourceTree = "<group>"; };
		32904A8A281E888B00334001 /* ViewController.swift */ = {isa = PBXFileReference; lastKnownFileType = sourcecode.swift; path = ViewController.swift; sourceTree = "<group>"; };
		32904A8D281E888B00334001 /* Base */ = {isa = PBXFileReference; lastKnownFileType = file.storyboard; name = Base; path = Base.lproj/Main.storyboard; sourceTree = "<group>"; };
		32904A8F281E888C00334001 /* Assets.xcassets */ = {isa = PBXFileReference; lastKnownFileType = folder.assetcatalog; path = Assets.xcassets; sourceTree = "<group>"; };
		32904A92281E888C00334001 /* Base */ = {isa = PBXFileReference; lastKnownFileType = file.storyboard; name = Base; path = Base.lproj/LaunchScreen.storyboard; sourceTree = "<group>"; };
		32904A94281E888C00334001 /* Info.plist */ = {isa = PBXFileReference; lastKnownFileType = text.plist.xml; path = Info.plist; sourceTree = "<group>"; };
		32904A99281E888C00334001 /* DatePickerTests.xctest */ = {isa = PBXFileReference; explicitFileType = wrapper.cfbundle; includeInIndex = 0; path = DatePickerTests.xctest; sourceTree = BUILT_PRODUCTS_DIR; };
		32904A9D281E888C00334001 /* DatePickerTests.swift */ = {isa = PBXFileReference; lastKnownFileType = sourcecode.swift; path = DatePickerTests.swift; sourceTree = "<group>"; };
		32904AA3281E888C00334001 /* DatePickerUITests.xctest */ = {isa = PBXFileReference; explicitFileType = wrapper.cfbundle; includeInIndex = 0; path = DatePickerUITests.xctest; sourceTree = BUILT_PRODUCTS_DIR; };
		32904AA7281E888C00334001 /* DatePickerUITests.swift */ = {isa = PBXFileReference; lastKnownFileType = sourcecode.swift; path = DatePickerUITests.swift; sourceTree = "<group>"; };
		32904AA9281E888C00334001 /* DatePickerUITestsLaunchTests.swift */ = {isa = PBXFileReference; lastKnownFileType = sourcecode.swift; path = DatePickerUITestsLaunchTests.swift; sourceTree = "<group>"; };
/* End PBXFileReference section */

/* Begin PBXFrameworksBuildPhase section */
		32904A80281E888B00334001 /* Frameworks */ = {
			isa = PBXFrameworksBuildPhase;
			buildActionMask = 2147483647;
			files = (
			);
			runOnlyForDeploymentPostprocessing = 0;
		};
		32904A96281E888C00334001 /* Frameworks */ = {
			isa = PBXFrameworksBuildPhase;
			buildActionMask = 2147483647;
			files = (
			);
			runOnlyForDeploymentPostprocessing = 0;
		};
		32904AA0281E888C00334001 /* Frameworks */ = {
			isa = PBXFrameworksBuildPhase;
			buildActionMask = 2147483647;
			files = (
			);
			runOnlyForDeploymentPostprocessing = 0;
		};
/* End PBXFrameworksBuildPhase section */

/* Begin PBXGroup section */
		32904A7A281E888B00334001 = {
			isa = PBXGroup;
			children = (
				32904A85281E888B00334001 /* DatePicker */,
				32904A9C281E888C00334001 /* DatePickerTests */,
				32904AA6281E888C00334001 /* DatePickerUITests */,
				32904A84281E888B00334001 /* Products */,
			);
			sourceTree = "<group>";
		};
		32904A84281E888B00334001 /* Products */ = {
			isa = PBXGroup;
			children = (
				32904A83281E888B00334001 /* DatePicker.app */,
				32904A99281E888C00334001 /* DatePickerTests.xctest */,
				32904AA3281E888C00334001 /* DatePickerUITests.xctest */,
			);
			name = Products;
			sourceTree = "<group>";
		};
		32904A85281E888B00334001 /* DatePicker */ = {
			isa = PBXGroup;
			children = (
				32904A86281E888B00334001 /* AppDelegate.swift */,
				32904A88281E888B00334001 /* SceneDelegate.swift */,
				32904A8A281E888B00334001 /* ViewController.swift */,
				32904A8C281E888B00334001 /* Main.storyboard */,
				32904A8F281E888C00334001 /* Assets.xcassets */,
				32904A91281E888C00334001 /* LaunchScreen.storyboard */,
				32904A94281E888C00334001 /* Info.plist */,
			);
			path = DatePicker;
			sourceTree = "<group>";
		};
		32904A9C281E888C00334001 /* DatePickerTests */ = {
			isa = PBXGroup;
			children = (
				32904A9D281E888C00334001 /* DatePickerTests.swift */,
			);
			path = DatePickerTests;
			sourceTree = "<group>";
		};
		32904AA6281E888C00334001 /* DatePickerUITests */ = {
			isa = PBXGroup;
			children = (
				32904AA7281E888C00334001 /* DatePickerUITests.swift */,
				32904AA9281E888C00334001 /* DatePickerUITestsLaunchTests.swift */,
			);
			path = DatePickerUITests;
			sourceTree = "<group>";
		};
/* End PBXGroup section */

/* Begin PBXNativeTarget section */
		32904A82281E888B00334001 /* DatePicker */ = {
			isa = PBXNativeTarget;
			buildConfigurationList = 32904AAD281E888C00334001 /* Build configuration list for PBXNativeTarget "DatePicker" */;
			buildPhases = (
				32904A7F281E888B00334001 /* Sources */,
				32904A80281E888B00334001 /* Frameworks */,
				32904A81281E888B00334001 /* Resources */,
			);
			buildRules = (
			);
			dependencies = (
			);
			name = DatePicker;
			productName = DatePicker;
			productReference = 32904A83281E888B00334001 /* DatePicker.app */;
			productType = "com.apple.product-type.application";
		};
		32904A98281E888C00334001 /* DatePickerTests */ = {
			isa = PBXNativeTarget;
			buildConfigurationList = 32904AB0281E888C00334001 /* Build configuration list for PBXNativeTarget "DatePickerTests" */;
			buildPhases = (
				32904A95281E888C00334001 /* Sources */,
				32904A96281E888C00334001 /* Frameworks */,
				32904A97281E888C00334001 /* Resources */,
			);
			buildRules = (
			);
			dependencies = (
				32904A9B281E888C00334001 /* PBXTargetDependency */,
			);
			name = DatePickerTests;
			productName = DatePickerTests;
			productReference = 32904A99281E888C00334001 /* DatePickerTests.xctest */;
			productType = "com.apple.product-type.bundle.unit-test";
		};
		32904AA2281E888C00334001 /* DatePickerUITests */ = {
			isa = PBXNativeTarget;
			buildConfigurationList = 32904AB3281E888C00334001 /* Build configuration list for PBXNativeTarget "DatePickerUITests" */;
			buildPhases = (
				32904A9F281E888C00334001 /* Sources */,
				32904AA0281E888C00334001 /* Frameworks */,
				32904AA1281E888C00334001 /* Resources */,
			);
			buildRules = (
			);
			dependencies = (
				32904AA5281E888C00334001 /* PBXTargetDependency */,
			);
			name = DatePickerUITests;
			productName = DatePickerUITests;
			productReference = 32904AA3281E888C00334001 /* DatePickerUITests.xctest */;
			productType = "com.apple.product-type.bundle.ui-testing";
		};
/* End PBXNativeTarget section */

/* Begin PBXProject section */
		32904A7B281E888B00334001 /* Project object */ = {
			isa = PBXProject;
			attributes = {
				BuildIndependentTargetsInParallel = 1;
				LastSwiftUpdateCheck = 1330;
				LastUpgradeCheck = 1330;
				TargetAttributes = {
					32904A82281E888B00334001 = {
						CreatedOnToolsVersion = 13.3.1;
					};
					32904A98281E888C00334001 = {
						CreatedOnToolsVersion = 13.3.1;
						TestTargetID = 32904A82281E888B00334001;
					};
					32904AA2281E888C00334001 = {
						CreatedOnToolsVersion = 13.3.1;
						TestTargetID = 32904A82281E888B00334001;
					};
				};
			};
			buildConfigurationList = 32904A7E281E888B00334001 /* Build configuration list for PBXProject "DatePicker" */;
			compatibilityVersion = "Xcode 13.0";
			developmentRegion = en;
			hasScannedForEncodings = 0;
			knownRegions = (
				en,
				Base,
			);
			mainGroup = 32904A7A281E888B00334001;
			productRefGroup = 32904A84281E888B00334001 /* Products */;
			projectDirPath = "";
			projectRoot = "";
			targets = (
				32904A82281E888B00334001 /* DatePicker */,
				32904A98281E888C00334001 /* DatePickerTests */,
				32904AA2281E888C00334001 /* DatePickerUITests */,
			);
		};
/* End PBXProject section */

/* Begin PBXResourcesBuildPhase section */
		32904A81281E888B00334001 /* Resources */ = {
			isa = PBXResourcesBuildPhase;
			buildActionMask = 2147483647;
			files = (
				32904A93281E888C00334001 /* LaunchScreen.storyboard in Resources */,
				32904A90281E888C00334001 /* Assets.xcassets in Resources */,
				32904A8E281E888B00334001 /* Main.storyboard in Resources */,
			);
			runOnlyForDeploymentPostprocessing = 0;
		};
		32904A97281E888C00334001 /* Resources */ = {
			isa = PBXResourcesBuildPhase;
			buildActionMask = 2147483647;
			files = (
			);
			runOnlyForDeploymentPostprocessing = 0;
		};
		32904AA1281E888C00334001 /* Resources */ = {
			isa = PBXResourcesBuildPhase;
			buildActionMask = 2147483647;
			files = (
			);
			runOnlyForDeploymentPostprocessing = 0;
		};
/* End PBXResourcesBuildPhase section */

/* Begin PBXSourcesBuildPhase section */
		32904A7F281E888B00334001 /* Sources */ = {
			isa = PBXSourcesBuildPhase;
			buildActionMask = 2147483647;
			files = (
				32904A8B281E888B00334001 /* ViewController.swift in Sources */,
				32904A87281E888B00334001 /* AppDelegate.swift in Sources */,
				32904A89281E888B00334001 /* SceneDelegate.swift in Sources */,
			);
			runOnlyForDeploymentPostprocessing = 0;
		};
		32904A95281E888C00334001 /* Sources */ = {
			isa = PBXSourcesBuildPhase;
			buildActionMask = 2147483647;
			files = (
				32904A9E281E888C00334001 /* DatePickerTests.swift in Sources */,
			);
			runOnlyForDeploymentPostprocessing = 0;
		};
		32904A9F281E888C00334001 /* Sources */ = {
			isa = PBXSourcesBuildPhase;
			buildActionMask = 2147483647;
			files = (
				32904AAA281E888C00334001 /* DatePickerUITestsLaunchTests.swift in Sources */,
				32904AA8281E888C00334001 /* DatePickerUITests.swift in Sources */,
			);
			runOnlyForDeploymentPostprocessing = 0;
		};
/* End PBXSourcesBuildPhase section */

/* Begin PBXTargetDependency section */
		32904A9B281E888C00334001 /* PBXTargetDependency */ = {
			isa = PBXTargetDependency;
			target = 32904A82281E888B00334001 /* DatePicker */;
			targetProxy = 32904A9A281E888C00334001 /* PBXContainerItemProxy */;
		};
		32904AA5281E888C00334001 /* PBXTargetDependency */ = {
			isa = PBXTargetDependency;
			target = 32904A82281E888B00334001 /* DatePicker */;
			targetProxy = 32904AA4281E888C00334001 /* PBXContainerItemProxy */;
		};
/* End PBXTargetDependency section */

/* Begin PBXVariantGroup section */
		32904A8C281E888B00334001 /* Main.storyboard */ = {
			isa = PBXVariantGroup;
			children = (
				32904A8D281E888B00334001 /* Base */,
			);
			name = Main.storyboard;
			sourceTree = "<group>";
		};
		32904A91281E888C00334001 /* LaunchScreen.storyboard */ = {
			isa = PBXVariantGroup;
			children = (
				32904A92281E888C00334001 /* Base */,
			);
			name = LaunchScreen.storyboard;
			sourceTree = "<group>";
		};
/* End PBXVariantGroup section */

/* Begin XCBuildConfiguration section */
		32904AAB281E888C00334001 /* Debug */ = {
			isa = XCBuildConfiguration;
			buildSettings = {
				ALWAYS_SEARCH_USER_PATHS = NO;
				CLANG_ANALYZER_NONNULL = YES;
				CLANG_ANALYZER_NUMBER_OBJECT_CONVERSION = YES_AGGRESSIVE;
				CLANG_CXX_LANGUAGE_STANDARD = "gnu++17";
				CLANG_ENABLE_MODULES = YES;
				CLANG_ENABLE_OBJC_ARC = YES;
				CLANG_ENABLE_OBJC_WEAK = YES;
				CLANG_WARN_BLOCK_CAPTURE_AUTORELEASING = YES;
				CLANG_WARN_BOOL_CONVERSION = YES;
				CLANG_WARN_COMMA = YES;
				CLANG_WARN_CONSTANT_CONVERSION = YES;
				CLANG_WARN_DEPRECATED_OBJC_IMPLEMENTATIONS = YES;
				CLANG_WARN_DIRECT_OBJC_ISA_USAGE = YES_ERROR;
				CLANG_WARN_DOCUMENTATION_COMMENTS = YES;
				CLANG_WARN_EMPTY_BODY = YES;
				CLANG_WARN_ENUM_CONVERSION = YES;
				CLANG_WARN_INFINITE_RECURSION = YES;
				CLANG_WARN_INT_CONVERSION = YES;
				CLANG_WARN_NON_LITERAL_NULL_CONVERSION = YES;
				CLANG_WARN_OBJC_IMPLICIT_RETAIN_SELF = YES;
				CLANG_WARN_OBJC_LITERAL_CONVERSION = YES;
				CLANG_WARN_OBJC_ROOT_CLASS = YES_ERROR;
				CLANG_WARN_QUOTED_INCLUDE_IN_FRAMEWORK_HEADER = YES;
				CLANG_WARN_RANGE_LOOP_ANALYSIS = YES;
				CLANG_WARN_STRICT_PROTOTYPES = YES;
				CLANG_WARN_SUSPICIOUS_MOVE = YES;
				CLANG_WARN_UNGUARDED_AVAILABILITY = YES_AGGRESSIVE;
				CLANG_WARN_UNREACHABLE_CODE = YES;
				CLANG_WARN__DUPLICATE_METHOD_MATCH = YES;
				COPY_PHASE_STRIP = NO;
				DEBUG_INFORMATION_FORMAT = dwarf;
				ENABLE_STRICT_OBJC_MSGSEND = YES;
				ENABLE_TESTABILITY = YES;
				GCC_C_LANGUAGE_STANDARD = gnu11;
				GCC_DYNAMIC_NO_PIC = NO;
				GCC_NO_COMMON_BLOCKS = YES;
				GCC_OPTIMIZATION_LEVEL = 0;
				GCC_PREPROCESSOR_DEFINITIONS = (
					"DEBUG=1",
					"$(inherited)",
				);
				GCC_WARN_64_TO_32_BIT_CONVERSION = YES;
				GCC_WARN_ABOUT_RETURN_TYPE = YES_ERROR;
				GCC_WARN_UNDECLARED_SELECTOR = YES;
				GCC_WARN_UNINITIALIZED_AUTOS = YES_AGGRESSIVE;
				GCC_WARN_UNUSED_FUNCTION = YES;
				GCC_WARN_UNUSED_VARIABLE = YES;
				IPHONEOS_DEPLOYMENT_TARGET = 15.4;
				MTL_ENABLE_DEBUG_INFO = INCLUDE_SOURCE;
				MTL_FAST_MATH = YES;
				ONLY_ACTIVE_ARCH = YES;
				SDKROOT = iphoneos;
				SWIFT_ACTIVE_COMPILATION_CONDITIONS = DEBUG;
				SWIFT_OPTIMIZATION_LEVEL = "-Onone";
			};
			name = Debug;
		};
		32904AAC281E888C00334001 /* Release */ = {
			isa = XCBuildConfiguration;
			buildSettings = {
				ALWAYS_SEARCH_USER_PATHS = NO;
				CLANG_ANALYZER_NONNULL = YES;
				CLANG_ANALYZER_NUMBER_OBJECT_CONVERSION = YES_AGGRESSIVE;
				CLANG_CXX_LANGUAGE_STANDARD = "gnu++17";
				CLANG_ENABLE_MODULES = YES;
				CLANG_ENABLE_OBJC_ARC = YES;
				CLANG_ENABLE_OBJC_WEAK = YES;
				CLANG_WARN_BLOCK_CAPTURE_AUTORELEASING = YES;
				CLANG_WARN_BOOL_CONVERSION = YES;
				CLANG_WARN_COMMA = YES;
				CLANG_WARN_CONSTANT_CONVERSION = YES;
				CLANG_WARN_DEPRECATED_OBJC_IMPLEMENTATIONS = YES;
				CLANG_WARN_DIRECT_OBJC_ISA_USAGE = YES_ERROR;
				CLANG_WARN_DOCUMENTATION_COMMENTS = YES;
				CLANG_WARN_EMPTY_BODY = YES;
				CLANG_WARN_ENUM_CONVERSION = YES;
				CLANG_WARN_INFINITE_RECURSION = YES;
				CLANG_WARN_INT_CONVERSION = YES;
				CLANG_WARN_NON_LITERAL_NULL_CONVERSION = YES;
				CLANG_WARN_OBJC_IMPLICIT_RETAIN_SELF = YES;
				CLANG_WARN_OBJC_LITERAL_CONVERSION = YES;
				CLANG_WARN_OBJC_ROOT_CLASS = YES_ERROR;
				CLANG_WARN_QUOTED_INCLUDE_IN_FRAMEWORK_HEADER = YES;
				CLANG_WARN_RANGE_LOOP_ANALYSIS = YES;
				CLANG_WARN_STRICT_PROTOTYPES = YES;
				CLANG_WARN_SUSPICIOUS_MOVE = YES;
				CLANG_WARN_UNGUARDED_AVAILABILITY = YES_AGGRESSIVE;
				CLANG_WARN_UNREACHABLE_CODE = YES;
				CLANG_WARN__DUPLICATE_METHOD_MATCH = YES;
				COPY_PHASE_STRIP = NO;
				DEBUG_INFORMATION_FORMAT = "dwarf-with-dsym";
				ENABLE_NS_ASSERTIONS = NO;
				ENABLE_STRICT_OBJC_MSGSEND = YES;
				GCC_C_LANGUAGE_STANDARD = gnu11;
				GCC_NO_COMMON_BLOCKS = YES;
				GCC_WARN_64_TO_32_BIT_CONVERSION = YES;
				GCC_WARN_ABOUT_RETURN_TYPE = YES_ERROR;
				GCC_WARN_UNDECLARED_SELECTOR = YES;
				GCC_WARN_UNINITIALIZED_AUTOS = YES_AGGRESSIVE;
				GCC_WARN_UNUSED_FUNCTION = YES;
				GCC_WARN_UNUSED_VARIABLE = YES;
				IPHONEOS_DEPLOYMENT_TARGET = 15.4;
				MTL_ENABLE_DEBUG_INFO = NO;
				MTL_FAST_MATH = YES;
				SDKROOT = iphoneos;
				SWIFT_COMPILATION_MODE = wholemodule;
				SWIFT_OPTIMIZATION_LEVEL = "-O";
				VALIDATE_PRODUCT = YES;
			};
			name = Release;
		};
		32904AAE281E888C00334001 /* Debug */ = {
			isa = XCBuildConfiguration;
			buildSettings = {
				ASSETCATALOG_COMPILER_APPICON_NAME = AppIcon;
				ASSETCATALOG_COMPILER_GLOBAL_ACCENT_COLOR_NAME = AccentColor;
				CODE_SIGN_STYLE = Automatic;
				CURRENT_PROJECT_VERSION = 1;
				DEVELOPMENT_TEAM = 7RNUW9CZWL;
				GENERATE_INFOPLIST_FILE = YES;
				INFOPLIST_FILE = DatePicker/Info.plist;
				INFOPLIST_KEY_UIApplicationSupportsIndirectInputEvents = YES;
				INFOPLIST_KEY_UILaunchStoryboardName = LaunchScreen;
				INFOPLIST_KEY_UIMainStoryboardFile = Main;
				INFOPLIST_KEY_UISupportedInterfaceOrientations_iPad = "UIInterfaceOrientationPortrait UIInterfaceOrientationPortraitUpsideDown UIInterfaceOrientationLandscapeLeft UIInterfaceOrientationLandscapeRight";
				INFOPLIST_KEY_UISupportedInterfaceOrientations_iPhone = "UIInterfaceOrientationPortrait UIInterfaceOrientationLandscapeLeft UIInterfaceOrientationLandscapeRight";
				LD_RUNPATH_SEARCH_PATHS = (
					"$(inherited)",
					"@executable_path/Frameworks",
				);
				MARKETING_VERSION = 1.0;
				PRODUCT_BUNDLE_IDENTIFIER = sfK.DatePicker;
				PRODUCT_NAME = "$(TARGET_NAME)";
				SWIFT_EMIT_LOC_STRINGS = YES;
				SWIFT_VERSION = 5.0;
				TARGETED_DEVICE_FAMILY = "1,2";
			};
			name = Debug;
		};
		32904AAF281E888C00334001 /* Release */ = {
			isa = XCBuildConfiguration;
			buildSettings = {
				ASSETCATALOG_COMPILER_APPICON_NAME = AppIcon;
				ASSETCATALOG_COMPILER_GLOBAL_ACCENT_COLOR_NAME = AccentColor;
				CODE_SIGN_STYLE = Automatic;
				CURRENT_PROJECT_VERSION = 1;
				DEVELOPMENT_TEAM = 7RNUW9CZWL;
				GENERATE_INFOPLIST_FILE = YES;
				INFOPLIST_FILE = DatePicker/Info.plist;
				INFOPLIST_KEY_UIApplicationSupportsIndirectInputEvents = YES;
				INFOPLIST_KEY_UILaunchStoryboardName = LaunchScreen;
				INFOPLIST_KEY_UIMainStoryboardFile = Main;
				INFOPLIST_KEY_UISupportedInterfaceOrientations_iPad = "UIInterfaceOrientationPortrait UIInterfaceOrientationPortraitUpsideDown UIInterfaceOrientationLandscapeLeft UIInterfaceOrientationLandscapeRight";
				INFOPLIST_KEY_UISupportedInterfaceOrientations_iPhone = "UIInterfaceOrientationPortrait UIInterfaceOrientationLandscapeLeft UIInterfaceOrientationLandscapeRight";
				LD_RUNPATH_SEARCH_PATHS = (
					"$(inherited)",
					"@executable_path/Frameworks",
				);
				MARKETING_VERSION = 1.0;
				PRODUCT_BUNDLE_IDENTIFIER = sfK.DatePicker;
				PRODUCT_NAME = "$(TARGET_NAME)";
				SWIFT_EMIT_LOC_STRINGS = YES;
				SWIFT_VERSION = 5.0;
				TARGETED_DEVICE_FAMILY = "1,2";
			};
			name = Release;
		};
		32904AB1281E888C00334001 /* Debug */ = {
			isa = XCBuildConfiguration;
			buildSettings = {
				ALWAYS_EMBED_SWIFT_STANDARD_LIBRARIES = YES;
				BUNDLE_LOADER = "$(TEST_HOST)";
				CODE_SIGN_STYLE = Automatic;
				CURRENT_PROJECT_VERSION = 1;
				DEVELOPMENT_TEAM = 7RNUW9CZWL;
				GENERATE_INFOPLIST_FILE = YES;
				IPHONEOS_DEPLOYMENT_TARGET = 15.4;
				MARKETING_VERSION = 1.0;
				PRODUCT_BUNDLE_IDENTIFIER = sfK.DatePickerTests;
				PRODUCT_NAME = "$(TARGET_NAME)";
				SWIFT_EMIT_LOC_STRINGS = NO;
				SWIFT_VERSION = 5.0;
				TARGETED_DEVICE_FAMILY = "1,2";
				TEST_HOST = "$(BUILT_PRODUCTS_DIR)/DatePicker.app/DatePicker";
			};
			name = Debug;
		};
		32904AB2281E888C00334001 /* Release */ = {
			isa = XCBuildConfiguration;
			buildSettings = {
				ALWAYS_EMBED_SWIFT_STANDARD_LIBRARIES = YES;
				BUNDLE_LOADER = "$(TEST_HOST)";
				CODE_SIGN_STYLE = Automatic;
				CURRENT_PROJECT_VERSION = 1;
				DEVELOPMENT_TEAM = 7RNUW9CZWL;
				GENERATE_INFOPLIST_FILE = YES;
				IPHONEOS_DEPLOYMENT_TARGET = 15.4;
				MARKETING_VERSION = 1.0;
				PRODUCT_BUNDLE_IDENTIFIER = sfK.DatePickerTests;
				PRODUCT_NAME = "$(TARGET_NAME)";
				SWIFT_EMIT_LOC_STRINGS = NO;
				SWIFT_VERSION = 5.0;
				TARGETED_DEVICE_FAMILY = "1,2";
				TEST_HOST = "$(BUILT_PRODUCTS_DIR)/DatePicker.app/DatePicker";
			};
			name = Release;
		};
		32904AB4281E888C00334001 /* Debug */ = {
			isa = XCBuildConfiguration;
			buildSettings = {
				ALWAYS_EMBED_SWIFT_STANDARD_LIBRARIES = YES;
				CODE_SIGN_STYLE = Automatic;
				CURRENT_PROJECT_VERSION = 1;
				DEVELOPMENT_TEAM = 7RNUW9CZWL;
				GENERATE_INFOPLIST_FILE = YES;
				MARKETING_VERSION = 1.0;
				PRODUCT_BUNDLE_IDENTIFIER = sfK.DatePickerUITests;
				PRODUCT_NAME = "$(TARGET_NAME)";
				SWIFT_EMIT_LOC_STRINGS = NO;
				SWIFT_VERSION = 5.0;
				TARGETED_DEVICE_FAMILY = "1,2";
				TEST_TARGET_NAME = DatePicker;
			};
			name = Debug;
		};
		32904AB5281E888C00334001 /* Release */ = {
			isa = XCBuildConfiguration;
			buildSettings = {
				ALWAYS_EMBED_SWIFT_STANDARD_LIBRARIES = YES;
				CODE_SIGN_STYLE = Automatic;
				CURRENT_PROJECT_VERSION = 1;
				DEVELOPMENT_TEAM = 7RNUW9CZWL;
				GENERATE_INFOPLIST_FILE = YES;
				MARKETING_VERSION = 1.0;
				PRODUCT_BUNDLE_IDENTIFIER = sfK.DatePickerUITests;
				PRODUCT_NAME = "$(TARGET_NAME)";
				SWIFT_EMIT_LOC_STRINGS = NO;
				SWIFT_VERSION = 5.0;
				TARGETED_DEVICE_FAMILY = "1,2";
				TEST_TARGET_NAME = DatePicker;
			};
			name = Release;
		};
/* End XCBuildConfiguration section */

/* Begin XCConfigurationList section */
		32904A7E281E888B00334001 /* Build configuration list for PBXProject "DatePicker" */ = {
			isa = XCConfigurationList;
			buildConfigurations = (
				32904AAB281E888C00334001 /* Debug */,
				32904AAC281E888C00334001 /* Release */,
			);
			defaultConfigurationIsVisible = 0;
			defaultConfigurationName = Release;
		};
		32904AAD281E888C00334001 /* Build configuration list for PBXNativeTarget "DatePicker" */ = {
			isa = XCConfigurationList;
			buildConfigurations = (
				32904AAE281E888C00334001 /* Debug */,
				32904AAF281E888C00334001 /* Release */,
			);
			defaultConfigurationIsVisible = 0;
			defaultConfigurationName = Release;
		};
		32904AB0281E888C00334001 /* Build configuration list for PBXNativeTarget "DatePickerTests" */ = {
			isa = XCConfigurationList;
			buildConfigurations = (
				32904AB1281E888C00334001 /* Debug */,
				32904AB2281E888C00334001 /* Release */,
			);
			defaultConfigurationIsVisible = 0;
			defaultConfigurationName = Release;
		};
		32904AB3281E888C00334001 /* Build configuration list for PBXNativeTarget "DatePickerUITests" */ = {
			isa = XCConfigurationList;
			buildConfigurations = (
				32904AB4281E888C00334001 /* Debug */,
				32904AB5281E888C00334001 /* Release */,
			);
			defaultConfigurationIsVisible = 0;
			defaultConfigurationName = Release;
		};
/* End XCConfigurationList section */
	};
	rootObject = 32904A7B281E888B00334001 /* Project object */;
}
